lockVersion: 2.0.0
id: 6309d9dc-3452-4dc0-834c-db8beae43a84
management:
  docChecksum: e876399bbf1200c158726c2b042529bc
  docVersion: 2.0.0
  speakeasyVersion: 1.209.3
  generationVersion: 2.281.2
  releaseVersion: 0.0.1
  configChecksum: 955c25656df52082c76ae996cde43888
features:
  typescript:
    constsAndDefaults: 0.1.5
    core: 3.6.1
    deprecations: 2.81.1
    flattening: 2.81.1
    globalSecurity: 2.82.6
    globalServerURLs: 2.82.4
    methodSecurity: 2.82.3
    responseFormat: 0.2.2
    unions: 2.85.3
generatedFiles:
  - src/sdk/systems.ts
  - src/sdk/factions.ts
  - src/sdk/agents.ts
  - src/sdk/contracts.ts
  - src/sdk/fleet.ts
  - src/sdk/sdk.ts
  - .eslintrc.js
  - .npmignore
  - RUNTIMES.md
  - package.json
  - src/index.ts
  - src/lib/base64.ts
  - src/lib/config.ts
  - src/lib/encodings.ts
  - src/lib/http.ts
  - src/lib/retries.ts
  - src/lib/schemas.ts
  - src/lib/sdks.ts
  - src/lib/security.ts
  - src/lib/url.ts
  - src/sdk/index.ts
  - src/models/errors/sdkerror.ts
  - src/models/errors/sdkvalidationerror.ts
  - src/types/blobs.ts
  - src/types/index.ts
  - src/types/operations.ts
  - src/types/rfcdate.ts
  - tsconfig.json
  - src/models/operations/getstatus.ts
  - src/models/operations/register.ts
  - src/models/operations/getsystems.ts
  - src/models/operations/getsystem.ts
  - src/models/operations/getsystemwaypoints.ts
  - src/models/operations/getwaypoint.ts
  - src/models/operations/getmarket.ts
  - src/models/operations/getshipyard.ts
  - src/models/operations/getjumpgate.ts
  - src/models/operations/getconstruction.ts
  - src/models/operations/supplyconstruction.ts
  - src/models/operations/getfactions.ts
  - src/models/operations/getfaction.ts
  - src/models/operations/getmyagent.ts
  - src/models/operations/getagents.ts
  - src/models/operations/getagent.ts
  - src/models/operations/getcontracts.ts
  - src/models/operations/getcontract.ts
  - src/models/operations/acceptcontract.ts
  - src/models/operations/delivercontract.ts
  - src/models/operations/fulfillcontract.ts
  - src/models/operations/getmyships.ts
  - src/models/operations/purchaseship.ts
  - src/models/operations/getmyship.ts
  - src/models/operations/getmyshipcargo.ts
  - src/models/operations/orbitship.ts
  - src/models/operations/shiprefine.ts
  - src/models/operations/createchart.ts
  - src/models/operations/getshipcooldown.ts
  - src/models/operations/dockship.ts
  - src/models/operations/createsurvey.ts
  - src/models/operations/extractresources.ts
  - src/models/operations/siphonresources.ts
  - src/models/operations/extractresourceswithsurvey.ts
  - src/models/operations/jettison.ts
  - src/models/operations/jumpship.ts
  - src/models/operations/navigateship.ts
  - src/models/operations/patchshipnav.ts
  - src/models/operations/getshipnav.ts
  - src/models/operations/warpship.ts
  - src/models/operations/sellcargo.ts
  - src/models/operations/createshipsystemscan.ts
  - src/models/operations/createshipwaypointscan.ts
  - src/models/operations/createshipshipscan.ts
  - src/models/operations/refuelship.ts
  - src/models/operations/purchasecargo.ts
  - src/models/operations/transfercargo.ts
  - src/models/operations/negotiatecontract.ts
  - src/models/operations/getmounts.ts
  - src/models/operations/installmount.ts
  - src/models/operations/removemount.ts
  - src/models/operations/getscrapship.ts
  - src/models/operations/scrapship.ts
  - src/models/operations/getrepairship.ts
  - src/models/operations/repairship.ts
  - src/models/components/httpmetadata.ts
  - src/models/components/contractjson.ts
  - src/models/components/agentjson.ts
  - src/models/components/factionsymboljson.ts
  - src/models/components/metajson.ts
  - src/models/components/waypointtraitsymboljson.ts
  - src/models/components/waypointtypejson.ts
  - src/models/components/jumpgatejson.ts
  - src/models/components/shipyardtransactionjson.ts
  - src/models/components/shiptypejson.ts
  - src/models/components/cooldownjson.ts
  - src/models/components/chartjson.ts
  - src/models/components/surveyjson.ts
  - src/models/components/shipconditioneventjson.ts
  - src/models/components/extractionjson.ts
  - src/models/components/siphonjson.ts
  - src/models/components/tradesymboljson.ts
  - src/models/components/markettransactionjson.ts
  - src/models/components/shipfueljson.ts
  - src/models/components/shipnavflightmodejson.ts
  - src/models/components/systemjson.ts
  - src/models/components/factionjson.ts
  - src/models/components/shipjson.ts
  - src/models/components/shipmodificationtransactionjson.ts
  - src/models/components/scraptransactionjson.ts
  - src/models/components/repairtransactionjson.ts
  - src/models/components/security.ts
  - src/models/errors/index.ts
  - src/models/operations/index.ts
  - src/models/components/index.ts
  - docs/models/operations/stats.md
  - docs/models/operations/mostcredits.md
  - docs/models/operations/mostsubmittedcharts.md
  - docs/models/operations/leaderboards.md
  - docs/models/operations/serverresets.md
  - docs/models/operations/announcements.md
  - docs/models/operations/links.md
  - docs/models/operations/getstatusresponsebody.md
  - docs/models/operations/getstatusresponse.md
  - docs/models/operations/registerrequestbody.md
  - docs/models/operations/data.md
  - docs/models/operations/registerresponsebody.md
  - docs/models/operations/registerresponse.md
  - docs/models/operations/getsystemsrequest.md
  - docs/models/operations/getsystemsresponsebody.md
  - docs/models/operations/getsystemsresponse.md
  - docs/models/operations/getsystemrequest.md
  - docs/models/operations/getsystemresponsebody.md
  - docs/models/operations/getsystemresponse.md
  - docs/models/operations/traits.md
  - docs/models/operations/getsystemwaypointsrequest.md
  - docs/models/operations/getsystemwaypointsresponsebody.md
  - docs/models/operations/getsystemwaypointsresponse.md
  - docs/models/operations/getwaypointrequest.md
  - docs/models/operations/getwaypointresponsebody.md
  - docs/models/operations/getwaypointresponse.md
  - docs/models/operations/getmarketrequest.md
  - docs/models/operations/getmarketresponsebody.md
  - docs/models/operations/getmarketresponse.md
  - docs/models/operations/getshipyardrequest.md
  - docs/models/operations/getshipyardresponsebody.md
  - docs/models/operations/getshipyardresponse.md
  - docs/models/operations/getjumpgaterequest.md
  - docs/models/operations/getjumpgateresponsebody.md
  - docs/models/operations/getjumpgateresponse.md
  - docs/models/operations/getconstructionrequest.md
  - docs/models/operations/getconstructionresponsebody.md
  - docs/models/operations/getconstructionresponse.md
  - docs/models/operations/supplyconstructionsecurity.md
  - docs/models/operations/supplyconstructionrequestbody.md
  - docs/models/operations/supplyconstructionrequest.md
  - docs/models/operations/supplyconstructiondata.md
  - docs/models/operations/supplyconstructionresponsebody.md
  - docs/models/operations/supplyconstructionresponse.md
  - docs/models/operations/getfactionsrequest.md
  - docs/models/operations/getfactionsresponsebody.md
  - docs/models/operations/getfactionsresponse.md
  - docs/models/operations/getfactionrequest.md
  - docs/models/operations/getfactionresponsebody.md
  - docs/models/operations/getfactionresponse.md
  - docs/models/operations/getmyagentsecurity.md
  - docs/models/operations/getmyagentresponsebody.md
  - docs/models/operations/getmyagentresponse.md
  - docs/models/operations/getagentsrequest.md
  - docs/models/operations/getagentsresponsebody.md
  - docs/models/operations/getagentsresponse.md
  - docs/models/operations/getagentrequest.md
  - docs/models/operations/getagentresponsebody.md
  - docs/models/operations/getagentresponse.md
  - docs/models/operations/getcontractssecurity.md
  - docs/models/operations/getcontractsrequest.md
  - docs/models/operations/getcontractsresponsebody.md
  - docs/models/operations/getcontractsresponse.md
  - docs/models/operations/getcontractsecurity.md
  - docs/models/operations/getcontractrequest.md
  - docs/models/operations/getcontractresponsebody.md
  - docs/models/operations/getcontractresponse.md
  - docs/models/operations/acceptcontractsecurity.md
  - docs/models/operations/acceptcontractrequest.md
  - docs/models/operations/acceptcontractdata.md
  - docs/models/operations/acceptcontractresponsebody.md
  - docs/models/operations/acceptcontractresponse.md
  - docs/models/operations/delivercontractsecurity.md
  - docs/models/operations/delivercontractrequestbody.md
  - docs/models/operations/delivercontractrequest.md
  - docs/models/operations/delivercontractdata.md
  - docs/models/operations/delivercontractresponsebody.md
  - docs/models/operations/delivercontractresponse.md
  - docs/models/operations/fulfillcontractsecurity.md
  - docs/models/operations/fulfillcontractrequest.md
  - docs/models/operations/fulfillcontractdata.md
  - docs/models/operations/fulfillcontractresponsebody.md
  - docs/models/operations/fulfillcontractresponse.md
  - docs/models/operations/getmyshipssecurity.md
  - docs/models/operations/getmyshipsrequest.md
  - docs/models/operations/getmyshipsresponsebody.md
  - docs/models/operations/getmyshipsresponse.md
  - docs/models/operations/purchaseshipsecurity.md
  - docs/models/operations/purchaseshiprequestbody.md
  - docs/models/operations/purchaseshipdata.md
  - docs/models/operations/purchaseshipresponsebody.md
  - docs/models/operations/purchaseshipresponse.md
  - docs/models/operations/getmyshipsecurity.md
  - docs/models/operations/getmyshiprequest.md
  - docs/models/operations/getmyshipresponsebody.md
  - docs/models/operations/getmyshipresponse.md
  - docs/models/operations/getmyshipcargosecurity.md
  - docs/models/operations/getmyshipcargorequest.md
  - docs/models/operations/getmyshipcargoresponsebody.md
  - docs/models/operations/getmyshipcargoresponse.md
  - docs/models/operations/orbitshipsecurity.md
  - docs/models/operations/orbitshiprequest.md
  - docs/models/operations/orbitshipdata.md
  - docs/models/operations/orbitshiporbitship200response.md
  - docs/models/operations/orbitshipresponse.md
  - docs/models/operations/shiprefinesecurity.md
  - docs/models/operations/produce.md
  - docs/models/operations/shiprefinerequestbody.md
  - docs/models/operations/shiprefinerequest.md
  - docs/models/operations/produced.md
  - docs/models/operations/consumed.md
  - docs/models/operations/shiprefinedata.md
  - docs/models/operations/shiprefineshiprefine201response.md
  - docs/models/operations/shiprefineresponse.md
  - docs/models/operations/createchartsecurity.md
  - docs/models/operations/createchartrequest.md
  - docs/models/operations/createchartdata.md
  - docs/models/operations/createchartresponsebody.md
  - docs/models/operations/createchartresponse.md
  - docs/models/operations/getshipcooldownsecurity.md
  - docs/models/operations/getshipcooldownrequest.md
  - docs/models/operations/getshipcooldownresponsebody.md
  - docs/models/operations/getshipcooldownresponse.md
  - docs/models/operations/dockshipsecurity.md
  - docs/models/operations/dockshiprequest.md
  - docs/models/operations/dockshipdata.md
  - docs/models/operations/dockshipdockship200response.md
  - docs/models/operations/dockshipresponse.md
  - docs/models/operations/createsurveysecurity.md
  - docs/models/operations/createsurveyrequest.md
  - docs/models/operations/createsurveydata.md
  - docs/models/operations/createsurveyresponsebody.md
  - docs/models/operations/createsurveyresponse.md
  - docs/models/operations/extractresourcessecurity.md
  - docs/models/operations/extractresourcesrequestbody.md
  - docs/models/operations/extractresourcesrequest.md
  - docs/models/operations/events.md
  - docs/models/operations/extractresourcesdata.md
  - docs/models/operations/extractresourcesresponsebody.md
  - docs/models/operations/extractresourcesresponse.md
  - docs/models/operations/siphonresourcessecurity.md
  - docs/models/operations/siphonresourcesrequest.md
  - docs/models/operations/siphonresourcesevents.md
  - docs/models/operations/siphonresourcesdata.md
  - docs/models/operations/siphonresourcesresponsebody.md
  - docs/models/operations/siphonresourcesresponse.md
  - docs/models/operations/extractresourceswithsurveysecurity.md
  - docs/models/operations/extractresourceswithsurveyrequest.md
  - docs/models/operations/extractresourceswithsurveyevents.md
  - docs/models/operations/extractresourceswithsurveydata.md
  - docs/models/operations/extractresourceswithsurveyresponsebody.md
  - docs/models/operations/extractresourceswithsurveyresponse.md
  - docs/models/operations/jettisonsecurity.md
  - docs/models/operations/jettisonrequestbody.md
  - docs/models/operations/jettisonrequest.md
  - docs/models/operations/jettisondata.md
  - docs/models/operations/jettisonresponsebody.md
  - docs/models/operations/jettisonresponse.md
  - docs/models/operations/jumpshipsecurity.md
  - docs/models/operations/jumpshiprequestbody.md
  - docs/models/operations/jumpshiprequest.md
  - docs/models/operations/jumpshipdata.md
  - docs/models/operations/jumpshipresponsebody.md
  - docs/models/operations/jumpshipresponse.md
  - docs/models/operations/navigateshipsecurity.md
  - docs/models/operations/navigateshiprequestbody.md
  - docs/models/operations/navigateshiprequest.md
  - docs/models/operations/navigateshipevents.md
  - docs/models/operations/navigateshipdata.md
  - docs/models/operations/navigateshipresponsebody.md
  - docs/models/operations/navigateshipresponse.md
  - docs/models/operations/patchshipnavsecurity.md
  - docs/models/operations/patchshipnavrequestbody.md
  - docs/models/operations/patchshipnavrequest.md
  - docs/models/operations/patchshipnavresponsebody.md
  - docs/models/operations/patchshipnavresponse.md
  - docs/models/operations/getshipnavsecurity.md
  - docs/models/operations/getshipnavrequest.md
  - docs/models/operations/getshipnavresponsebody.md
  - docs/models/operations/getshipnavresponse.md
  - docs/models/operations/warpshipsecurity.md
  - docs/models/operations/warpshiprequestbody.md
  - docs/models/operations/warpshiprequest.md
  - docs/models/operations/warpshipdata.md
  - docs/models/operations/warpshipresponsebody.md
  - docs/models/operations/warpshipresponse.md
  - docs/models/operations/sellcargosecurity.md
  - docs/models/operations/sellcargosellcargorequest.md
  - docs/models/operations/sellcargorequest.md
  - docs/models/operations/sellcargodata.md
  - docs/models/operations/sellcargosellcargo201response.md
  - docs/models/operations/sellcargoresponse.md
  - docs/models/operations/createshipsystemscansecurity.md
  - docs/models/operations/createshipsystemscanrequest.md
  - docs/models/operations/createshipsystemscandata.md
  - docs/models/operations/createshipsystemscanresponsebody.md
  - docs/models/operations/createshipsystemscanresponse.md
  - docs/models/operations/createshipwaypointscansecurity.md
  - docs/models/operations/createshipwaypointscanrequest.md
  - docs/models/operations/createshipwaypointscandata.md
  - docs/models/operations/createshipwaypointscanresponsebody.md
  - docs/models/operations/createshipwaypointscanresponse.md
  - docs/models/operations/createshipshipscansecurity.md
  - docs/models/operations/createshipshipscanrequest.md
  - docs/models/operations/createshipshipscandata.md
  - docs/models/operations/createshipshipscanresponsebody.md
  - docs/models/operations/createshipshipscanresponse.md
  - docs/models/operations/refuelshipsecurity.md
  - docs/models/operations/refuelshiprequestbody.md
  - docs/models/operations/refuelshiprequest.md
  - docs/models/operations/refuelshipdata.md
  - docs/models/operations/refuelshipresponsebody.md
  - docs/models/operations/refuelshipresponse.md
  - docs/models/operations/purchasecargosecurity.md
  - docs/models/operations/purchasecargopurchasecargorequest.md
  - docs/models/operations/purchasecargorequest.md
  - docs/models/operations/purchasecargodata.md
  - docs/models/operations/purchasecargopurchasecargo201response.md
  - docs/models/operations/purchasecargoresponse.md
  - docs/models/operations/transfercargosecurity.md
  - docs/models/operations/transfercargotransfercargorequest.md
  - docs/models/operations/transfercargorequest.md
  - docs/models/operations/transfercargodata.md
  - docs/models/operations/transfercargotransfercargo200response.md
  - docs/models/operations/transfercargoresponse.md
  - docs/models/operations/negotiatecontractsecurity.md
  - docs/models/operations/negotiatecontractrequest.md
  - docs/models/operations/negotiatecontractdata.md
  - docs/models/operations/negotiatecontractnegotiatecontract200response.md
  - docs/models/operations/negotiatecontractresponse.md
  - docs/models/operations/getmountssecurity.md
  - docs/models/operations/getmountsrequest.md
  - docs/models/operations/getmountsgetmounts200response.md
  - docs/models/operations/getmountsresponse.md
  - docs/models/operations/installmountsecurity.md
  - docs/models/operations/installmountinstallmountrequest.md
  - docs/models/operations/installmountrequest.md
  - docs/models/operations/installmountdata.md
  - docs/models/operations/installmountinstallmount201response.md
  - docs/models/operations/installmountresponse.md
  - docs/models/operations/removemountsecurity.md
  - docs/models/operations/removemountremovemountrequest.md
  - docs/models/operations/removemountrequest.md
  - docs/models/operations/removemountdata.md
  - docs/models/operations/removemountremovemount201response.md
  - docs/models/operations/removemountresponse.md
  - docs/models/operations/getscrapshipsecurity.md
  - docs/models/operations/getscrapshiprequest.md
  - docs/models/operations/getscrapshipdata.md
  - docs/models/operations/getscrapshipresponsebody.md
  - docs/models/operations/getscrapshipresponse.md
  - docs/models/operations/scrapshipsecurity.md
  - docs/models/operations/scrapshiprequest.md
  - docs/models/operations/scrapshipdata.md
  - docs/models/operations/scrapshipresponsebody.md
  - docs/models/operations/scrapshipresponse.md
  - docs/models/operations/getrepairshipsecurity.md
  - docs/models/operations/getrepairshiprequest.md
  - docs/models/operations/getrepairshipdata.md
  - docs/models/operations/getrepairshipresponsebody.md
  - docs/models/operations/getrepairshipresponse.md
  - docs/models/operations/repairshipsecurity.md
  - docs/models/operations/repairshiprequest.md
  - docs/models/operations/repairshipdata.md
  - docs/models/operations/repairshipresponsebody.md
  - docs/models/operations/repairshipresponse.md
  - docs/models/components/httpmetadata.md
  - docs/models/components/shiprolejson.md
  - docs/models/components/shipregistrationjson.md
  - docs/models/components/waypointtypejsonwaypointtypejson.md
  - docs/models/components/shipnavroutewaypointjson.md
  - docs/models/components/shipnavroutejson.md
  - docs/models/components/shipnavstatusjson.md
  - docs/models/components/shipnavflightmodejsonshipnavflightmodejson.md
  - docs/models/components/shipnavjsonshipnavjson.md
  - docs/models/components/rotation.md
  - docs/models/components/shipcrewjson.md
  - docs/models/components/symbol.md
  - docs/models/components/shipframejson.md
  - docs/models/components/shipreactorjsonsymbol.md
  - docs/models/components/shipreactorjson.md
  - docs/models/components/shipenginejsonsymbol.md
  - docs/models/components/shipenginejson.md
  - docs/models/components/cooldownjsoncooldownjson.md
  - docs/models/components/shipmodulejsonsymbol.md
  - docs/models/components/shipmodulejson.md
  - docs/models/components/shipmountjsonsymbol.md
  - docs/models/components/deposits.md
  - docs/models/components/shiprequirementsjson.md
  - docs/models/components/shipmountjsonshipmountjson.md
  - docs/models/components/tradesymboljsontradesymboljson.md
  - docs/models/components/shipcargoitemjson.md
  - docs/models/components/shipcargojsonshipcargojson.md
  - docs/models/components/consumed.md
  - docs/models/components/shipfueljsonshipfueljson.md
  - docs/models/components/shipjson.md
  - docs/models/components/factionsymboljsonfactionsymboljson.md
  - docs/models/components/factiontraitsymboljson.md
  - docs/models/components/factiontraitjson.md
  - docs/models/components/factionjson.md
  - docs/models/components/type.md
  - docs/models/components/contractpaymentjson.md
  - docs/models/components/contractdelivergoodjson.md
  - docs/models/components/contracttermsjson.md
  - docs/models/components/contractjson.md
  - docs/models/components/agentjson.md
  - docs/models/components/factionsymboljson.md
  - docs/models/components/metajson.md
  - docs/models/components/systemtypejson.md
  - docs/models/components/waypointorbitaljson.md
  - docs/models/components/systemwaypointjson.md
  - docs/models/components/systemfactionjson.md
  - docs/models/components/systemjson.md
  - docs/models/components/waypointfactionjson.md
  - docs/models/components/waypointtraitsymboljsonwaypointtraitsymboljson.md
  - docs/models/components/waypointtraitjson.md
  - docs/models/components/waypointmodifiersymboljson.md
  - docs/models/components/waypointmodifierjson.md
  - docs/models/components/chartjsonchartjson.md
  - docs/models/components/waypointjson.md
  - docs/models/components/waypointtraitsymboljson.md
  - docs/models/components/waypointtypejson.md
  - docs/models/components/tradegoodjson.md
  - docs/models/components/markettransactionjsontype.md
  - docs/models/components/markettransactionjsonmarkettransactionjson.md
  - docs/models/components/markettradegoodjsontype.md
  - docs/models/components/supplyleveljson.md
  - docs/models/components/activityleveljson.md
  - docs/models/components/markettradegoodjson.md
  - docs/models/components/marketjson.md
  - docs/models/components/shiptypes.md
  - docs/models/components/shipyardtransactionjsonshipyardtransactionjson.md
  - docs/models/components/shiptypejsonshiptypejson.md
  - docs/models/components/crew.md
  - docs/models/components/shipyardshipjson.md
  - docs/models/components/shipyardjson.md
  - docs/models/components/jumpgatejson.md
  - docs/models/components/constructionmaterialjson.md
  - docs/models/components/constructionjson.md
  - docs/models/components/shipcargojson.md
  - docs/models/components/shipyardtransactionjson.md
  - docs/models/components/shiptypejson.md
  - docs/models/components/shipnavjson.md
  - docs/models/components/cooldownjson.md
  - docs/models/components/chartjson.md
  - docs/models/components/surveydepositjson.md
  - docs/models/components/size.md
  - docs/models/components/surveyjson.md
  - docs/models/components/shipconditioneventjsonsymbol.md
  - docs/models/components/component.md
  - docs/models/components/shipconditioneventjson.md
  - docs/models/components/extractionyieldjson.md
  - docs/models/components/extractionjson.md
  - docs/models/components/siphonyieldjson.md
  - docs/models/components/siphonjson.md
  - docs/models/components/tradesymboljson.md
  - docs/models/components/markettransactionjsontype1.md
  - docs/models/components/markettransactionjson.md
  - docs/models/components/shipfueljsonconsumed.md
  - docs/models/components/shipfueljson.md
  - docs/models/components/shipnavflightmodejson.md
  - docs/models/components/scannedsystemjson.md
  - docs/models/components/scannedwaypointjson.md
  - docs/models/components/frame.md
  - docs/models/components/reactor.md
  - docs/models/components/engine.md
  - docs/models/components/mounts.md
  - docs/models/components/scannedshipjson.md
  - docs/models/components/shipmountjsonsymbol1.md
  - docs/models/components/shipmountjsondeposits.md
  - docs/models/components/shipmountjson.md
  - docs/models/components/shipmodificationtransactionjson.md
  - docs/models/components/scraptransactionjson.md
  - docs/models/components/repairtransactionjson.md
  - docs/models/components/security.md
  - docs/sdks/setypescriptsdk/README.md
  - docs/sdks/systems/README.md
  - docs/sdks/factions/README.md
  - docs/sdks/agents/README.md
  - docs/sdks/contracts/README.md
  - docs/sdks/fleet/README.md
  - USAGE.md
  - .gitattributes
  - src/hooks/hooks.ts
  - src/hooks/types.ts
  - src/hooks/index.ts
